// !$*UTF8*$!
{
	archiveVersion = 1;
	classes = {
	};
	objectVersion = 46;
	objects = {

/* Begin PBXBuildFile section */
		7CEDBAB61D93D01E0083F8A4 /* AppDelegate.swift in Sources */ = {isa = PBXBuildFile; fileRef = 7CEDBAB51D93D01E0083F8A4 /* AppDelegate.swift */; };
		7CEDBAB81D93D01E0083F8A4 /* LinearViewController.swift in Sources */ = {isa = PBXBuildFile; fileRef = 7CEDBAB71D93D01E0083F8A4 /* LinearViewController.swift */; };
		7CEDBABB1D93D01E0083F8A4 /* Main.storyboard in Resources */ = {isa = PBXBuildFile; fileRef = 7CEDBAB91D93D01E0083F8A4 /* Main.storyboard */; };
		7CEDBABD1D93D01E0083F8A4 /* Assets.xcassets in Resources */ = {isa = PBXBuildFile; fileRef = 7CEDBABC1D93D01E0083F8A4 /* Assets.xcassets */; };
		7CEDBAC01D93D01E0083F8A4 /* LaunchScreen.storyboard in Resources */ = {isa = PBXBuildFile; fileRef = 7CEDBABE1D93D01E0083F8A4 /* LaunchScreen.storyboard */; };
		90FAAE2B0558512A575A47E2 /* Pods_iAlgebra.framework in Frameworks */ = {isa = PBXBuildFile; fileRef = 8D7435FCDE5E0F52719B1DD8 /* Pods_iAlgebra.framework */; };
/* End PBXBuildFile section */

/* Begin PBXFileReference section */
		48C36B52F9E40938667B1D32 /* Pods-iAlgebra.debug.xcconfig */ = {isa = PBXFileReference; includeInIndex = 1; lastKnownFileType = text.xcconfig; name = "Pods-iAlgebra.debug.xcconfig"; path = "Pods/Target Support Files/Pods-iAlgebra/Pods-iAlgebra.debug.xcconfig"; sourceTree = "<group>"; };
		7CEDBAB21D93D01E0083F8A4 /* iAlgebra.app */ = {isa = PBXFileReference; explicitFileType = wrapper.application; includeInIndex = 0; path = iAlgebra.app; sourceTree = BUILT_PRODUCTS_DIR; };
		7CEDBAB51D93D01E0083F8A4 /* AppDelegate.swift */ = {isa = PBXFileReference; lastKnownFileType = sourcecode.swift; path = AppDelegate.swift; sourceTree = "<group>"; };
		7CEDBAB71D93D01E0083F8A4 /* LinearViewController.swift */ = {isa = PBXFileReference; lastKnownFileType = sourcecode.swift; path = LinearViewController.swift; sourceTree = "<group>"; };
		7CEDBABA1D93D01E0083F8A4 /* Base */ = {isa = PBXFileReference; lastKnownFileType = file.storyboard; name = Base; path = Base.lproj/Main.storyboard; sourceTree = "<group>"; };
		7CEDBABC1D93D01E0083F8A4 /* Assets.xcassets */ = {isa = PBXFileReference; lastKnownFileType = folder.assetcatalog; path = Assets.xcassets; sourceTree = "<group>"; };
		7CEDBABF1D93D01E0083F8A4 /* Base */ = {isa = PBXFileReference; lastKnownFileType = file.storyboard; name = Base; path = Base.lproj/LaunchScreen.storyboard; sourceTree = "<group>"; };
		7CEDBAC11D93D01E0083F8A4 /* Info.plist */ = {isa = PBXFileReference; lastKnownFileType = text.plist.xml; path = Info.plist; sourceTree = "<group>"; };
		8D7435FCDE5E0F52719B1DD8 /* Pods_iAlgebra.framework */ = {isa = PBXFileReference; explicitFileType = wrapper.framework; includeInIndex = 0; path = Pods_iAlgebra.framework; sourceTree = BUILT_PRODUCTS_DIR; };
		E3E5615E3F8336147C21E0D8 /* Pods-iAlgebra.release.xcconfig */ = {isa = PBXFileReference; includeInIndex = 1; lastKnownFileType = text.xcconfig; name = "Pods-iAlgebra.release.xcconfig"; path = "Pods/Target Support Files/Pods-iAlgebra/Pods-iAlgebra.release.xcconfig"; sourceTree = "<group>"; };
/* End PBXFileReference section */

/* Begin PBXFrameworksBuildPhase section */
		7CEDBAAF1D93D01E0083F8A4 /* Frameworks */ = {
			isa = PBXFrameworksBuildPhase;
			buildActionMask = 2147483647;
			files = (
				90FAAE2B0558512A575A47E2 /* Pods_iAlgebra.framework in Frameworks */,
			);
			runOnlyForDeploymentPostprocessing = 0;
		};
/* End PBXFrameworksBuildPhase section */

/* Begin PBXGroup section */
		64FD76B1BC9842285435B3D2 /* Pods */ = {
			isa = PBXGroup;
			children = (
				48C36B52F9E40938667B1D32 /* Pods-iAlgebra.debug.xcconfig */,
				E3E5615E3F8336147C21E0D8 /* Pods-iAlgebra.release.xcconfig */,
			);
			name = Pods;
			sourceTree = "<group>";
		};
		7CEDBAA91D93D01E0083F8A4 = {
			isa = PBXGroup;
			children = (
				7CEDBAB41D93D01E0083F8A4 /* iAlgebra */,
				7CEDBAB31D93D01E0083F8A4 /* Products */,
				64FD76B1BC9842285435B3D2 /* Pods */,
				805B3592B674EA4D59EED138 /* Frameworks */,
			);
			sourceTree = "<group>";
		};
		7CEDBAB31D93D01E0083F8A4 /* Products */ = {
			isa = PBXGroup;
			children = (
				7CEDBAB21D93D01E0083F8A4 /* iAlgebra.app */,
			);
			name = Products;
			sourceTree = "<group>";
		};
		7CEDBAB41D93D01E0083F8A4 /* iAlgebra */ = {
			isa = PBXGroup;
			children = (
				7CEDBAB51D93D01E0083F8A4 /* AppDelegate.swift */,
				7CEDBAB71D93D01E0083F8A4 /* LinearViewController.swift */,
				7CEDBAB91D93D01E0083F8A4 /* Main.storyboard */,
				7CEDBABC1D93D01E0083F8A4 /* Assets.xcassets */,
				7CEDBABE1D93D01E0083F8A4 /* LaunchScreen.storyboard */,
				7CEDBAC11D93D01E0083F8A4 /* Info.plist */,
			);
			path = iAlgebra;
			sourceTree = "<group>";
		};
		805B3592B674EA4D59EED138 /* Frameworks */ = {
			isa = PBXGroup;
			children = (
				8D7435FCDE5E0F52719B1DD8 /* Pods_iAlgebra.framework */,
			);
			name = Frameworks;
			sourceTree = "<group>";
		};
/* End PBXGroup section */

/* Begin PBXNativeTarget section */
		7CEDBAB11D93D01E0083F8A4 /* iAlgebra */ = {
			isa = PBXNativeTarget;
			buildConfigurationList = 7CEDBAC41D93D01E0083F8A4 /* Build configuration list for PBXNativeTarget "iAlgebra" */;
			buildPhases = (
				580D5513304FB16FA7621488 /* [CP] Check Pods Manifest.lock */,
				7CEDBAAE1D93D01E0083F8A4 /* Sources */,
				7CEDBAAF1D93D01E0083F8A4 /* Frameworks */,
				7CEDBAB01D93D01E0083F8A4 /* Resources */,
				4576C2E03327F4FD3847BEE5 /* [CP] Embed Pods Frameworks */,
				DB88F5A52169DE991231E3C2 /* [CP] Copy Pods Resources */,
				7CEDBAC71D93D1DB0083F8A4 /* ShellScript */,
			);
			buildRules = (
			);
			dependencies = (
			);
			name = iAlgebra;
			productName = iAlgebra;
			productReference = 7CEDBAB21D93D01E0083F8A4 /* iAlgebra.app */;
			productType = "com.apple.product-type.application";
		};
/* End PBXNativeTarget section */

/* Begin PBXProject section */
		7CEDBAAA1D93D01E0083F8A4 /* Project object */ = {
			isa = PBXProject;
			attributes = {
				LastSwiftUpdateCheck = 0800;
				LastUpgradeCheck = 0800;
				ORGANIZATIONNAME = mobileware;
				TargetAttributes = {
					7CEDBAB11D93D01E0083F8A4 = {
						CreatedOnToolsVersion = 8.0;
						DevelopmentTeam = 33GWFDB497;
						ProvisioningStyle = Automatic;
					};
				};
			};
			buildConfigurationList = 7CEDBAAD1D93D01E0083F8A4 /* Build configuration list for PBXProject "iAlgebra" */;
			compatibilityVersion = "Xcode 3.2";
			developmentRegion = English;
			hasScannedForEncodings = 0;
			knownRegions = (
				en,
				Base,
			);
			mainGroup = 7CEDBAA91D93D01E0083F8A4;
			productRefGroup = 7CEDBAB31D93D01E0083F8A4 /* Products */;
			projectDirPath = "";
			projectRoot = "";
			targets = (
				7CEDBAB11D93D01E0083F8A4 /* iAlgebra */,
			);
		};
/* End PBXProject section */

/* Begin PBXResourcesBuildPhase section */
		7CEDBAB01D93D01E0083F8A4 /* Resources */ = {
			isa = PBXResourcesBuildPhase;
			buildActionMask = 2147483647;
			files = (
				7CEDBAC01D93D01E0083F8A4 /* LaunchScreen.storyboard in Resources */,
				7CEDBABD1D93D01E0083F8A4 /* Assets.xcassets in Resources */,
				7CEDBABB1D93D01E0083F8A4 /* Main.storyboard in Resources */,
			);
			runOnlyForDeploymentPostprocessing = 0;
		};
/* End PBXResourcesBuildPhase section */

/* Begin PBXShellScriptBuildPhase section */
		4576C2E03327F4FD3847BEE5 /* [CP] Embed Pods Frameworks */ = {
			isa = PBXShellScriptBuildPhase;
			buildActionMask = 2147483647;
			files = (
			);
			inputPaths = (
			);
			name = "[CP] Embed Pods Frameworks";
			outputPaths = (
			);
			runOnlyForDeploymentPostprocessing = 0;
			shellPath = /bin/sh;
			shellScript = "\"${SRCROOT}/Pods/Target Support Files/Pods-iAlgebra/Pods-iAlgebra-frameworks.sh\"\n";
			showEnvVarsInLog = 0;
		};
		580D5513304FB16FA7621488 /* [CP] Check Pods Manifest.lock */ = {
			isa = PBXShellScriptBuildPhase;
			buildActionMask = 2147483647;
			files = (
			);
			inputPaths = (
			);
			name = "[CP] Check Pods Manifest.lock";
			outputPaths = (
			);
			runOnlyForDeploymentPostprocessing = 0;
			shellPath = /bin/sh;
			shellScript = "diff \"${PODS_ROOT}/../Podfile.lock\" \"${PODS_ROOT}/Manifest.lock\" > /dev/null\nif [ $? != 0 ] ; then\n    # print error to STDERR\n    echo \"error: The sandbox is not in sync with the Podfile.lock. Run 'pod install' or update your CocoaPods installation.\" >&2\n    exit 1\nfi\n";
			showEnvVarsInLog = 0;
		};
		7CEDBAC71D93D1DB0083F8A4 /* ShellScript */ = {
			isa = PBXShellScriptBuildPhase;
			buildActionMask = 2147483647;
			files = (
			);
			inputPaths = (
			);
			outputPaths = (
			);
			runOnlyForDeploymentPostprocessing = 0;
			shellPath = /bin/sh;
			shellScript = "\"${PODS_ROOT}/Fabric/run\" 66193d6bf440153bc0980ec19a910856389068d8 a1431d1d47b3c80face20b5bd736ef1160ab6eb360316636789423c6f58f110f";
		};
		DB88F5A52169DE991231E3C2 /* [CP] Copy Pods Resources */ = {
			isa = PBXShellScriptBuildPhase;
			buildActionMask = 2147483647;
			files = (
			);
			inputPaths = (
			);
			name = "[CP] Copy Pods Resources";
			outputPaths = (
			);
			runOnlyForDeploymentPostprocessing = 0;
			shellPath = /bin/sh;
			shellScript = "\"${SRCROOT}/Pods/Target Support Files/Pods-iAlgebra/Pods-iAlgebra-resources.sh\"\n";
			showEnvVarsInLog = 0;
		};
/* End PBXShellScriptBuildPhase section */

/* Begin PBXSourcesBuildPhase section */
		7CEDBAAE1D93D01E0083F8A4 /* Sources */ = {
			isa = PBXSourcesBuildPhase;
			buildActionMask = 2147483647;
			files = (
				7CEDBAB81D93D01E0083F8A4 /* LinearViewController.swift in Sources */,
				7CEDBAB61D93D01E0083F8A4 /* AppDelegate.swift in Sources */,
			);
			runOnlyForDeploymentPostprocessing = 0;
		};
/* End PBXSourcesBuildPhase section */

/* Begin PBXVariantGroup section */
		7CEDBAB91D93D01E0083F8A4 /* Main.storyboard */ = {
			isa = PBXVariantGroup;
			children = (
				7CEDBABA1D93D01E0083F8A4 /* Base */,
			);
			name = Main.storyboard;
			sourceTree = "<group>";
		};
		7CEDBABE1D93D01E0083F8A4 /* LaunchScreen.storyboard */ = {
			isa = PBXVariantGroup;
			children = (
				7CEDBABF1D93D01E0083F8A4 /* Base */,
			);
			name = LaunchScreen.storyboard;
			sourceTree = "<group>";
		};
/* End PBXVariantGroup section */

/* Begin XCBuildConfiguration section */
		7CEDBAC21D93D01E0083F8A4 /* Debug */ = {
			isa = XCBuildConfiguration;
			buildSettings = {
				ALWAYS_SEARCH_USER_PATHS = NO;
				CLANG_ANALYZER_NONNULL = YES;
				CLANG_CXX_LANGUAGE_STANDARD = "gnu++0x";
				CLANG_CXX_LIBRARY = "libc++";
				CLANG_ENABLE_MODULES = YES;
				CLANG_ENABLE_OBJC_ARC = YES;
				CLANG_WARN_BOOL_CONVERSION = YES;
				CLANG_WARN_CONSTANT_CONVERSION = YES;
				CLANG_WARN_DIRECT_OBJC_ISA_USAGE = YES_ERROR;
				CLANG_WARN_DOCUMENTATION_COMMENTS = YES;
				CLANG_WARN_EMPTY_BODY = YES;
				CLANG_WARN_ENUM_CONVERSION = YES;
				CLANG_WARN_INFINITE_RECURSION = YES;
				CLANG_WARN_INT_CONVERSION = YES;
				CLANG_WARN_OBJC_ROOT_CLASS = YES_ERROR;
				CLANG_WARN_SUSPICIOUS_MOVE = YES;
				CLANG_WARN_SUSPICIOUS_MOVES = YES;
				CLANG_WARN_UNREACHABLE_CODE = YES;
				CLANG_WARN__DUPLICATE_METHOD_MATCH = YES;
				"CODE_SIGN_IDENTITY[sdk=iphoneos*]" = "iPhone Developer";
				COPY_PHASE_STRIP = NO;
				DEBUG_INFORMATION_FORMAT = dwarf;
				ENABLE_STRICT_OBJC_MSGSEND = YES;
				ENABLE_TESTABILITY = YES;
				GCC_C_LANGUAGE_STANDARD = gnu99;
				GCC_DYNAMIC_NO_PIC = NO;
				GCC_NO_COMMON_BLOCKS = YES;
				GCC_OPTIMIZATION_LEVEL = 0;
				GCC_PREPROCESSOR_DEFINITIONS = (
					"DEBUG=1",
					"$(inherited)",
				);
				GCC_WARN_64_TO_32_BIT_CONVERSION = YES;
				GCC_WARN_ABOUT_RETURN_TYPE = YES_ERROR;
				GCC_WARN_UNDECLARED_SELECTOR = YES;
				GCC_WARN_UNINITIALIZED_AUTOS = YES_AGGRESSIVE;
				GCC_WARN_UNUSED_FUNCTION = YES;
				GCC_WARN_UNUSED_VARIABLE = YES;
				IPHONEOS_DEPLOYMENT_TARGET = 10.0;
				MTL_ENABLE_DEBUG_INFO = YES;
				ONLY_ACTIVE_ARCH = YES;
				SDKROOT = iphoneos;
				SWIFT_ACTIVE_COMPILATION_CONDITIONS = DEBUG;
				SWIFT_OPTIMIZATION_LEVEL = "-Onone";
				TARGETED_DEVICE_FAMILY = "1,2";
			};
			name = Debug;
		};
		7CEDBAC31D93D01E0083F8A4 /* Release */ = {
			isa = XCBuildConfiguration;
			buildSettings = {
				ALWAYS_SEARCH_USER_PATHS = NO;
				CLANG_ANALYZER_NONNULL = YES;
				CLANG_CXX_LANGUAGE_STANDARD = "gnu++0x";
				CLANG_CXX_LIBRARY = "libc++";
				CLANG_ENABLE_MODULES = YES;
				CLANG_ENABLE_OBJC_ARC = YES;
				CLANG_WARN_BOOL_CONVERSION = YES;
				CLANG_WARN_CONSTANT_CONVERSION = YES;
				CLANG_WARN_DIRECT_OBJC_ISA_USAGE = YES_ERROR;
				CLANG_WARN_DOCUMENTATION_COMMENTS = YES;
				CLANG_WARN_EMPTY_BODY = YES;
				CLANG_WARN_ENUM_CONVERSION = YES;
				CLANG_WARN_INFINITE_RECURSION = YES;
				CLANG_WARN_INT_CONVERSION = YES;
				CLANG_WARN_OBJC_ROOT_CLASS = YES_ERROR;
				CLANG_WARN_SUSPICIOUS_MOVE = YES;
				CLANG_WARN_SUSPICIOUS_MOVES = YES;
				CLANG_WARN_UNREACHABLE_CODE = YES;
				CLANG_WARN__DUPLICATE_METHOD_MATCH = YES;
				"CODE_SIGN_IDENTITY[sdk=iphoneos*]" = "iPhone Developer";
				COPY_PHASE_STRIP = NO;
				DEBUG_INFORMATION_FORMAT = "dwarf-with-dsym";
				ENABLE_NS_ASSERTIONS = NO;
				ENABLE_STRICT_OBJC_MSGSEND = YES;
				GCC_C_LANGUAGE_STANDARD = gnu99;
				GCC_NO_COMMON_BLOCKS = YES;
				GCC_WARN_64_TO_32_BIT_CONVERSION = YES;
				GCC_WARN_ABOUT_RETURN_TYPE = YES_ERROR;
				GCC_WARN_UNDECLARED_SELECTOR = YES;
				GCC_WARN_UNINITIALIZED_AUTOS = YES_AGGRESSIVE;
				GCC_WARN_UNUSED_FUNCTION = YES;
				GCC_WARN_UNUSED_VARIABLE = YES;
				IPHONEOS_DEPLOYMENT_TARGET = 10.0;
				MTL_ENABLE_DEBUG_INFO = NO;
				SDKROOT = iphoneos;
				SWIFT_OPTIMIZATION_LEVEL = "-Owholemodule";
				TARGETED_DEVICE_FAMILY = "1,2";
				VALIDATE_PRODUCT = YES;
			};
			name = Release;
		};
		7CEDBAC51D93D01E0083F8A4 /* Debug */ = {
			isa = XCBuildConfiguration;
			baseConfigurationReference = 48C36B52F9E40938667B1D32 /* Pods-iAlgebra.debug.xcconfig */;
			buildSettings = {
				ASSETCATALOG_COMPILER_APPICON_NAME = AppIcon;
				DEBUG_INFORMATION_FORMAT = "dwarf-with-dsym";
				DEVELOPMENT_TEAM = 33GWFDB497;
				INFOPLIST_FILE = iAlgebra/Info.plist;
				LD_RUNPATH_SEARCH_PATHS = "$(inherited) @executable_path/Frameworks";
				PRODUCT_BUNDLE_IDENTIFIER = iAlgebra;
				PRODUCT_NAME = "$(TARGET_NAME)";
				SWIFT_VERSION = 3.0;
			};
			name = Debug;
		};
		7CEDBAC61D93D01E0083F8A4 /* Release */ = {
			isa = XCBuildConfiguration;
			baseConfigurationReference = E3E5615E3F8336147C21E0D8 /* Pods-iAlgebra.release.xcconfig */;
			buildSettings = {
				ASSETCATALOG_COMPILER_APPICON_NAME = AppIcon;
				DEVELOPMENT_TEAM = 33GWFDB497;
				INFOPLIST_FILE = iAlgebra/Info.plist;
				LD_RUNPATH_SEARCH_PATHS = "$(inherited) @executable_path/Frameworks";
				PRODUCT_BUNDLE_IDENTIFIER = iAlgebra;
				PRODUCT_NAME = "$(TARGET_NAME)";
				SWIFT_VERSION = 3.0;
			};
			name = Release;
		};
/* End XCBuildConfiguration section */

/* Begin XCConfigurationList section */
		7CEDBAAD1D93D01E0083F8A4 /* Build configuration list for PBXProject "iAlgebra" */ = {
			isa = XCConfigurationList;
			buildConfigurations = (
				7CEDBAC21D93D01E0083F8A4 /* Debug */,
				7CEDBAC31D93D01E0083F8A4 /* Release */,
			);
			defaultConfigurationIsVisible = 0;
			defaultConfigurationName = Release;
		};
		7CEDBAC41D93D01E0083F8A4 /* Build configuration list for PBXNativeTarget "iAlgebra" */ = {
			isa = XCConfigurationList;
			buildConfigurations = (
				7CEDBAC51D93D01E0083F8A4 /* Debug */,
				7CEDBAC61D93D01E0083F8A4 /* Release */,
			);
			defaultConfigurationIsVisible = 0;
			defaultConfigurationName = Release;
		};
/* End XCConfigurationList section */
	};
	rootObject = 7CEDBAAA1D93D01E0083F8A4 /* Project object */;
}
